// !$*UTF8*$!
{
	archiveVersion = 1;
	classes = {
	};
	objectVersion = 46;
	objects = {

/* Begin PBXBuildFile section */
		BCC02C461D958A90000185FF /* AppDelegate.swift in Sources */ = {isa = PBXBuildFile; fileRef = BCC02C451D958A90000185FF /* AppDelegate.swift */; };
		BCC02C481D958A90000185FF /* ViewController.swift in Sources */ = {isa = PBXBuildFile; fileRef = BCC02C471D958A90000185FF /* ViewController.swift */; };
		BCC02C4B1D958A90000185FF /* Main.storyboard in Resources */ = {isa = PBXBuildFile; fileRef = BCC02C491D958A90000185FF /* Main.storyboard */; };
		BCC02C4D1D958A90000185FF /* Assets.xcassets in Resources */ = {isa = PBXBuildFile; fileRef = BCC02C4C1D958A90000185FF /* Assets.xcassets */; };
		BCC02C501D958A90000185FF /* LaunchScreen.storyboard in Resources */ = {isa = PBXBuildFile; fileRef = BCC02C4E1D958A90000185FF /* LaunchScreen.storyboard */; };
/* End PBXBuildFile section */

/* Begin PBXFileReference section */
		BCC02C421D958A90000185FF /* TipPro.app */ = {isa = PBXFileReference; explicitFileType = wrapper.application; includeInIndex = 0; path = TipPro.app; sourceTree = BUILT_PRODUCTS_DIR; };
		BCC02C451D958A90000185FF /* AppDelegate.swift */ = {isa = PBXFileReference; lastKnownFileType = sourcecode.swift; path = AppDelegate.swift; sourceTree = "<group>"; };
		BCC02C471D958A90000185FF /* ViewController.swift */ = {isa = PBXFileReference; lastKnownFileType = sourcecode.swift; path = ViewController.swift; sourceTree = "<group>"; };
		BCC02C4A1D958A90000185FF /* Base */ = {isa = PBXFileReference; lastKnownFileType = file.storyboard; name = Base; path = Base.lproj/Main.storyboard; sourceTree = "<group>"; };
		BCC02C4C1D958A90000185FF /* Assets.xcassets */ = {isa = PBXFileReference; lastKnownFileType = folder.assetcatalog; path = Assets.xcassets; sourceTree = "<group>"; };
		BCC02C4F1D958A90000185FF /* Base */ = {isa = PBXFileReference; lastKnownFileType = file.storyboard; name = Base; path = Base.lproj/LaunchScreen.storyboard; sourceTree = "<group>"; };
		BCC02C511D958A90000185FF /* Info.plist */ = {isa = PBXFileReference; lastKnownFileType = text.plist.xml; path = Info.plist; sourceTree = "<group>"; };
/* End PBXFileReference section */

/* Begin PBXFrameworksBuildPhase section */
		BCC02C3F1D958A90000185FF /* Frameworks */ = {
			isa = PBXFrameworksBuildPhase;
			buildActionMask = 2147483647;
			files = (
			);
			runOnlyForDeploymentPostprocessing = 0;
		};
/* End PBXFrameworksBuildPhase section */

/* Begin PBXGroup section */
		BCC02C391D958A90000185FF = {
			isa = PBXGroup;
			children = (
				BCC02C441D958A90000185FF /* TipPro */,
				BCC02C431D958A90000185FF /* Products */,
			);
			sourceTree = "<group>";
		};
		BCC02C431D958A90000185FF /* Products */ = {
			isa = PBXGroup;
			children = (
				BCC02C421D958A90000185FF /* TipPro.app */,
			);
			name = Products;
			sourceTree = "<group>";
		};
		BCC02C441D958A90000185FF /* TipPro */ = {
			isa = PBXGroup;
			children = (
				BCC02C451D958A90000185FF /* AppDelegate.swift */,
				BCC02C471D958A90000185FF /* ViewController.swift */,
				BCC02C491D958A90000185FF /* Main.storyboard */,
				BCC02C4C1D958A90000185FF /* Assets.xcassets */,
				BCC02C4E1D958A90000185FF /* LaunchScreen.storyboard */,
				BCC02C511D958A90000185FF /* Info.plist */,
			);
			path = TipPro;
			sourceTree = "<group>";
		};
/* End PBXGroup section */

/* Begin PBXNativeTarget section */
		BCC02C411D958A90000185FF /* TipPro */ = {
			isa = PBXNativeTarget;
			buildConfigurationList = BCC02C541D958A90000185FF /* Build configuration list for PBXNativeTarget "TipPro" */;
			buildPhases = (
				BCC02C3E1D958A90000185FF /* Sources */,
				BCC02C3F1D958A90000185FF /* Frameworks */,
				BCC02C401D958A90000185FF /* Resources */,
			);
			buildRules = (
			);
			dependencies = (
			);
			name = TipPro;
			productName = TipPro;
			productReference = BCC02C421D958A90000185FF /* TipPro.app */;
			productType = "com.apple.product-type.application";
		};
/* End PBXNativeTarget section */

/* Begin PBXProject section */
		BCC02C3A1D958A90000185FF /* Project object */ = {
			isa = PBXProject;
			attributes = {
				LastSwiftUpdateCheck = 0800;
				LastUpgradeCheck = 0830;
				ORGANIZATIONNAME = "Make School";
				TargetAttributes = {
					BCC02C411D958A90000185FF = {
						CreatedOnToolsVersion = 8.0;
						ProvisioningStyle = Automatic;
					};
				};
			};
			buildConfigurationList = BCC02C3D1D958A90000185FF /* Build configuration list for PBXProject "TipPro" */;
			compatibilityVersion = "Xcode 3.2";
			developmentRegion = English;
			hasScannedForEncodings = 0;
			knownRegions = (
				en,
				Base,
			);
			mainGroup = BCC02C391D958A90000185FF;
			productRefGroup = BCC02C431D958A90000185FF /* Products */;
			projectDirPath = "";
			projectRoot = "";
			targets = (
				BCC02C411D958A90000185FF /* TipPro */,
			);
		};
/* End PBXProject section */

/* Begin PBXResourcesBuildPhase section */
		BCC02C401D958A90000185FF /* Resources */ = {
			isa = PBXResourcesBuildPhase;
			buildActionMask = 2147483647;
			files = (
				BCC02C501D958A90000185FF /* LaunchScreen.storyboard in Resources */,
				BCC02C4D1D958A90000185FF /* Assets.xcassets in Resources */,
				BCC02C4B1D958A90000185FF /* Main.storyboard in Resources */,
			);
			runOnlyForDeploymentPostprocessing = 0;
		};
/* End PBXResourcesBuildPhase section */

/* Begin PBXSourcesBuildPhase section */
		BCC02C3E1D958A90000185FF /* Sources */ = {
			isa = PBXSourcesBuildPhase;
			buildActionMask = 2147483647;
			files = (
				BCC02C481D958A90000185FF /* ViewController.swift in Sources */,
				BCC02C461D958A90000185FF /* AppDelegate.swift in Sources */,
			);
			runOnlyForDeploymentPostprocessing = 0;
		};
/* End PBXSourcesBuildPhase section */

/* Begin PBXVariantGroup section */
		BCC02C491D958A90000185FF /* Main.storyboard */ = {
			isa = PBXVariantGroup;
			children = (
				BCC02C4A1D958A90000185FF /* Base */,
			);
			name = Main.storyboard;
			sourceTree = "<group>";
		};
		BCC02C4E1D958A90000185FF /* LaunchScreen.storyboard */ = {
			isa = PBXVariantGroup;
			children = (
				BCC02C4F1D958A90000185FF /* Base */,
			);
			name = LaunchScreen.storyboard;
			sourceTree = "<group>";
		};
/* End PBXVariantGroup section */

/* Begin XCBuildConfiguration section */
		BCC02C521D958A90000185FF /* Debug */ = {
			isa = XCBuildConfiguration;
			buildSettings = {
				ALWAYS_SEARCH_USER_PATHS = NO;
				CLANG_ANALYZER_NONNULL = YES;
				CLANG_CXX_LANGUAGE_STANDARD = "gnu++0x";
				CLANG_CXX_LIBRARY = "libc++";
				CLANG_ENABLE_MODULES = YES;
				CLANG_ENABLE_OBJC_ARC = YES;
				CLANG_WARN_BOOL_CONVERSION = YES;
				CLANG_WARN_CONSTANT_CONVERSION = YES;
				CLANG_WARN_DIRECT_OBJC_ISA_USAGE = YES_ERROR;
				CLANG_WARN_DOCUMENTATION_COMMENTS = YES;
				CLANG_WARN_EMPTY_BODY = YES;
				CLANG_WARN_ENUM_CONVERSION = YES;
				CLANG_WARN_INFINITE_RECURSION = YES;
				CLANG_WARN_INT_CONVERSION = YES;
				CLANG_WARN_OBJC_ROOT_CLASS = YES_ERROR;
				CLANG_WARN_SUSPICIOUS_MOVE = YES;
				CLANG_WARN_SUSPICIOUS_MOVES = YES;
				CLANG_WARN_UNREACHABLE_CODE = YES;
				CLANG_WARN__DUPLICATE_METHOD_MATCH = YES;
				"CODE_SIGN_IDENTITY[sdk=iphoneos*]" = "iPhone Developer";
				COPY_PHASE_STRIP = NO;
				DEBUG_INFORMATION_FORMAT = dwarf;
				ENABLE_STRICT_OBJC_MSGSEND = YES;
				ENABLE_TESTABILITY = YES;
				GCC_C_LANGUAGE_STANDARD = gnu99;
				GCC_DYNAMIC_NO_PIC = NO;
				GCC_NO_COMMON_BLOCKS = YES;
				GCC_OPTIMIZATION_LEVEL = 0;
				GCC_PREPROCESSOR_DEFINITIONS = (
					"DEBUG=1",
					"$(inherited)",
				);
				GCC_WARN_64_TO_32_BIT_CONVERSION = YES;
				GCC_WARN_ABOUT_RETURN_TYPE = YES_ERROR;
				GCC_WARN_UNDECLARED_SELECTOR = YES;
				GCC_WARN_UNINITIALIZED_AUTOS = YES_AGGRESSIVE;
				GCC_WARN_UNUSED_FUNCTION = YES;
				GCC_WARN_UNUSED_VARIABLE = YES;
				IPHONEOS_DEPLOYMENT_TARGET = 10.0;
				MTL_ENABLE_DEBUG_INFO = YES;
				ONLY_ACTIVE_ARCH = YES;
				SDKROOT = iphoneos;
				SWIFT_ACTIVE_COMPILATION_CONDITIONS = DEBUG;
				SWIFT_OPTIMIZATION_LEVEL = "-Onone";
			};
			name = Debug;
		};
		BCC02C531D958A90000185FF /* Release */ = {
			isa = XCBuildConfiguration;
			buildSettings = {
				ALWAYS_SEARCH_USER_PATHS = NO;
				CLANG_ANALYZER_NONNULL = YES;
				CLANG_CXX_LANGUAGE_STANDARD = "gnu++0x";
				CLANG_CXX_LIBRARY = "libc++";
				CLANG_ENABLE_MODULES = YES;
				CLANG_ENABLE_OBJC_ARC = YES;
				CLANG_WARN_BOOL_CONVERSION = YES;
				CLANG_WARN_CONSTANT_CONVERSION = YES;
				CLANG_WARN_DIRECT_OBJC_ISA_USAGE = YES_ERROR;
				CLANG_WARN_DOCUMENTATION_COMMENTS = YES;
				CLANG_WARN_EMPTY_BODY = YES;
				CLANG_WARN_ENUM_CONVERSION = YES;
				CLANG_WARN_INFINITE_RECURSION = YES;
				CLANG_WARN_INT_CONVERSION = YES;
				CLANG_WARN_OBJC_ROOT_CLASS = YES_ERROR;
				CLANG_WARN_SUSPICIOUS_MOVE = YES;
				CLANG_WARN_SUSPICIOUS_MOVES = YES;
				CLANG_WARN_UNREACHABLE_CODE = YES;
				CLANG_WARN__DUPLICATE_METHOD_MATCH = YES;
				"CODE_SIGN_IDENTITY[sdk=iphoneos*]" = "iPhone Developer";
				COPY_PHASE_STRIP = NO;
				DEBUG_INFORMATION_FORMAT = "dwarf-with-dsym";
				ENABLE_NS_ASSERTIONS = NO;
				ENABLE_STRICT_OBJC_MSGSEND = YES;
				GCC_C_LANGUAGE_STANDARD = gnu99;
				GCC_NO_COMMON_BLOCKS = YES;
				GCC_WARN_64_TO_32_BIT_CONVERSION = YES;
				GCC_WARN_ABOUT_RETURN_TYPE = YES_ERROR;
				GCC_WARN_UNDECLARED_SELECTOR = YES;
				GCC_WARN_UNINITIALIZED_AUTOS = YES_AGGRESSIVE;
				GCC_WARN_UNUSED_FUNCTION = YES;
				GCC_WARN_UNUSED_VARIABLE = YES;
				IPHONEOS_DEPLOYMENT_TARGET = 10.0;
				MTL_ENABLE_DEBUG_INFO = NO;
				SDKROOT = iphoneos;
				SWIFT_OPTIMIZATION_LEVEL = "-Owholemodule";
				VALIDATE_PRODUCT = YES;
			};
			name = Release;
		};
		BCC02C551D958A90000185FF /* Debug */ = {
			isa = XCBuildConfiguration;
			buildSettings = {
				ASSETCATALOG_COMPILER_APPICON_NAME = AppIcon;
				INFOPLIST_FILE = TipPro/Info.plist;
				LD_RUNPATH_SEARCH_PATHS = "$(inherited) @executable_path/Frameworks";
				PRODUCT_BUNDLE_IDENTIFIER = com.makeschool.TipPro;
				PRODUCT_NAME = "$(TARGET_NAME)";
				SWIFT_VERSION = 3.0;
			};
			name = Debug;
		};
		BCC02C561D958A90000185FF /* Release */ = {
			isa = XCBuildConfiguration;
			buildSettings = {
				ASSETCATALOG_COMPILER_APPICON_NAME = AppIcon;
				INFOPLIST_FILE = TipPro/Info.plist;
				LD_RUNPATH_SEARCH_PATHS = "$(inherited) @executable_path/Frameworks";
				PRODUCT_BUNDLE_IDENTIFIER = com.makeschool.TipPro;
				PRODUCT_NAME = "$(TARGET_NAME)";
				SWIFT_VERSION = 3.0;
			};
			name = Release;
		};
/* End XCBuildConfiguration section */

/* Begin XCConfigurationList section */
		BCC02C3D1D958A90000185FF /* Build configuration list for PBXProject "TipPro" */ = {
			isa = XCConfigurationList;
			buildConfigurations = (
				BCC02C521D958A90000185FF /* Debug */,
				BCC02C531D958A90000185FF /* Release */,
			);
			defaultConfigurationIsVisible = 0;
			defaultConfigurationName = Release;
		};
		BCC02C541D958A90000185FF /* Build configuration list for PBXNativeTarget "TipPro" */ = {
			isa = XCConfigurationList;
			buildConfigurations = (
				BCC02C551D958A90000185FF /* Debug */,
				BCC02C561D958A90000185FF /* Release */,
			);
			defaultConfigurationIsVisible = 0;
			defaultConfigurationName = Release;
		};
/* End XCConfigurationList section */
	};
	rootObject = BCC02C3A1D958A90000185FF /* Project object */;
}
